{
  "version": 4,
  "terraform_version": "1.11.4",
  "serial": 1,
  "lineage": "c4118881-97e9-39a4-b013-7f1a96b0ecd5",
  "outputs": {},
  "resources": [
    {
      "mode": "managed",
      "type": "github_repository",
      "name": "first_resource",
      "provider": "provider[\"registry.terraform.io/hashicorp/github\"]",
      "instances": [
        {
          "schema_version": 1,
          "attributes": {
            "allow_auto_merge": false,
            "allow_merge_commit": true,
            "allow_rebase_merge": true,
            "allow_squash_merge": true,
            "allow_update_branch": false,
            "archive_on_destroy": null,
            "archived": false,
            "auto_init": true,
            "default_branch": "main",
            "delete_branch_on_merge": false,
            "description": "This is my first repo created through terraform",
            "etag": "W/\"bafa638a1cfca9ce3c1829073d8afe7e8e05479ff85c4a3ae9e2f851aee88265\"",
            "full_name": "bhavishyagoyan/terraform_repo",
            "git_clone_url": "git://github.com/bhavishyagoyan/terraform_repo.git",
            "gitignore_template": null,
            "has_discussions": false,
            "has_downloads": false,
            "has_issues": false,
            "has_projects": false,
            "has_wiki": false,
            "homepage_url": "",
            "html_url": "https://github.com/bhavishyagoyan/terraform_repo",
            "http_clone_url": "https://github.com/bhavishyagoyan/terraform_repo.git",
            "id": "terraform_repo",
            "ignore_vulnerability_alerts_during_read": null,
            "is_template": false,
            "license_template": null,
            "merge_commit_message": "PR_TITLE",
            "merge_commit_title": "MERGE_MESSAGE",
            "name": "terraform_repo",
            "node_id": "R_kgDOOj3lcw",
            "pages": [],
            "primary_language": "",
            "private": false,
            "repo_id": 977134963,
            "security_and_analysis": [
              {
                "advanced_security": [],
                "secret_scanning": [
                  {
                    "status": "enabled"
                  }
                ],
                "secret_scanning_push_protection": [
                  {
                    "status": "enabled"
                  }
                ]
              }
            ],
            "squash_merge_commit_message": "COMMIT_MESSAGES",
            "squash_merge_commit_title": "COMMIT_OR_PR_TITLE",
            "ssh_clone_url": "git@github.com:bhavishyagoyan/terraform_repo.git",
            "svn_url": "https://github.com/bhavishyagoyan/terraform_repo",
            "template": [],
            "topics": [],
            "visibility": "public",
            "vulnerability_alerts": false,
            "web_commit_signoff_required": false
          },
          "sensitive_attributes": [],
          "private": "eyJzY2hlbWFfdmVyc2lvbiI6IjEifQ=="
        }
      ]
    }
  ],
  "check_results": null
}
